{
  "name": "js",
  "lockfileVersion": 3,
  "requires": true,
  "packages": {
    "": {
      "dependencies": {
        "leaflet-providers": "^2.0.0"
      }
    },
    "node_modules/leaflet-providers": {
      "version": "2.0.0",
      "resolved": "https://registry.npmjs.org/leaflet-providers/-/leaflet-providers-2.0.0.tgz",
      "integrity": "sha512-CWwKEnHd66Qsx0m4o5q5ZOa60s00B91pMxnlr4Y22msubfs7dhbZhdMIz8bvZQkrZqi67ppI1fsZRS6vtrLcOA=="
    }
  }
}
